
Microsoft Visual Studio Solution File, Format Version 12.00
# Visual Studio Version 16
VisualStudioVersion = 16.0.28803.352
MinimumVisualStudioVersion = 10.0.40219.1
Project("{FAE04EC0-301F-11D3-BF4B-00C04F79EFBC}") = "RepairShoprToShipRush", "RepairShoprToShipRush\RepairShoprToShipRush.csproj", "{2590A20C-6564-48D5-A95D-C26603818087}"
EndProject
Global
	GlobalSection(SolutionConfigurationPlatforms) = preSolution
		Debug|Any CPU = Debug|Any CPU
		Release|Any CPU = Release|Any CPU
	EndGlobalSection
	GlobalSection(ProjectConfigurationPlatforms) = postSolution
		{2590A20C-6564-48D5-A95D-C26603818087}.Debug|Any CPU.ActiveCfg = Debug|Any CPU
		{2590A20C-6564-48D5-A95D-C26603818087}.Debug|Any CPU.Build.0 = Debug|Any CPU
		{2590A20C-6564-48D5-A95D-C26603818087}.Release|Any CPU.ActiveCfg = Release|Any CPU
		{2590A20C-6564-48D5-A95D-C26603818087}.Release|Any CPU.Build.0 = Release|Any CPU
	EndGlobalSection
	GlobalSection(SolutionProperties) = preSolution
		HideSolutionNode = FALSE
	EndGlobalSection
	GlobalSection(ExtensibilityGlobals) = postSolution
		SolutionGuid = {F95B7C43-5942-4186-8F28-D17B81BB7BA7}
	EndGlobalSection
EndGlobal
